// !$*UTF8*$!
{
	archiveVersion = 1;
	classes = {
	};
	objectVersion = 77;
	objects = {

/* Begin PBXBuildFile section */
		CB6F09B22D7DEBD500485F51 /* Wumuriro Watch App.app in Embed Watch Content */ = {isa = PBXBuildFile; fileRef = CB6F098F2D7DEBD400485F51 /* Wumuriro Watch App.app */; settings = {ATTRIBUTES = (RemoveHeadersOnCopy, ); }; };
/* End PBXBuildFile section */

/* Begin PBXContainerItemProxy section */
		CB5FB7A82D7D15150056333F /* PBXContainerItemProxy */ = {
			isa = PBXContainerItemProxy;
			containerPortal = CB5FB78D2D7D15140056333F /* Project object */;
			proxyType = 1;
			remoteGlobalIDString = CB5FB7942D7D15140056333F;
			remoteInfo = Umuriro;
		};
		CB5FB7B22D7D15150056333F /* PBXContainerItemProxy */ = {
			isa = PBXContainerItemProxy;
			containerPortal = CB5FB78D2D7D15140056333F /* Project object */;
			proxyType = 1;
			remoteGlobalIDString = CB5FB7942D7D15140056333F;
			remoteInfo = Umuriro;
		};
		CB6F099F2D7DEBD500485F51 /* PBXContainerItemProxy */ = {
			isa = PBXContainerItemProxy;
			containerPortal = CB5FB78D2D7D15140056333F /* Project object */;
			proxyType = 1;
			remoteGlobalIDString = CB6F098E2D7DEBD400485F51;
			remoteInfo = "Wumuriro Watch App";
		};
		CB6F09A92D7DEBD500485F51 /* PBXContainerItemProxy */ = {
			isa = PBXContainerItemProxy;
			containerPortal = CB5FB78D2D7D15140056333F /* Project object */;
			proxyType = 1;
			remoteGlobalIDString = CB6F098E2D7DEBD400485F51;
			remoteInfo = "Wumuriro Watch App";
		};
		CB6F09B02D7DEBD500485F51 /* PBXContainerItemProxy */ = {
			isa = PBXContainerItemProxy;
			containerPortal = CB5FB78D2D7D15140056333F /* Project object */;
			proxyType = 1;
			remoteGlobalIDString = CB6F098E2D7DEBD400485F51;
			remoteInfo = "Wumuriro Watch App";
		};
/* End PBXContainerItemProxy section */

/* Begin PBXCopyFilesBuildPhase section */
		CB6F09B32D7DEBD500485F51 /* Embed Watch Content */ = {
			isa = PBXCopyFilesBuildPhase;
			buildActionMask = 2147483647;
			dstPath = "$(CONTENTS_FOLDER_PATH)/Watch";
			dstSubfolderSpec = 16;
			files = (
				CB6F09B22D7DEBD500485F51 /* Wumuriro Watch App.app in Embed Watch Content */,
			);
			name = "Embed Watch Content";
			runOnlyForDeploymentPostprocessing = 0;
		};
/* End PBXCopyFilesBuildPhase section */

/* Begin PBXFileReference section */
		CB5FB7952D7D15140056333F /* Umuriro.app */ = {isa = PBXFileReference; explicitFileType = wrapper.application; includeInIndex = 0; path = Umuriro.app; sourceTree = BUILT_PRODUCTS_DIR; };
		CB5FB7A72D7D15150056333F /* UmuriroTests.xctest */ = {isa = PBXFileReference; explicitFileType = wrapper.cfbundle; includeInIndex = 0; path = UmuriroTests.xctest; sourceTree = BUILT_PRODUCTS_DIR; };
		CB5FB7B12D7D15150056333F /* UmuriroUITests.xctest */ = {isa = PBXFileReference; explicitFileType = wrapper.cfbundle; includeInIndex = 0; path = UmuriroUITests.xctest; sourceTree = BUILT_PRODUCTS_DIR; };
		CB6F098F2D7DEBD400485F51 /* Wumuriro Watch App.app */ = {isa = PBXFileReference; explicitFileType = wrapper.application; includeInIndex = 0; path = "Wumuriro Watch App.app"; sourceTree = BUILT_PRODUCTS_DIR; };
		CB6F099E2D7DEBD500485F51 /* Wumuriro Watch AppTests.xctest */ = {isa = PBXFileReference; explicitFileType = wrapper.cfbundle; includeInIndex = 0; path = "Wumuriro Watch AppTests.xctest"; sourceTree = BUILT_PRODUCTS_DIR; };
		CB6F09A82D7DEBD500485F51 /* Wumuriro Watch AppUITests.xctest */ = {isa = PBXFileReference; explicitFileType = wrapper.cfbundle; includeInIndex = 0; path = "Wumuriro Watch AppUITests.xctest"; sourceTree = BUILT_PRODUCTS_DIR; };
/* End PBXFileReference section */

/* Begin PBXFileSystemSynchronizedBuildFileExceptionSet section */
		CB6F09BE2D7E314E00485F51 /* Exceptions for "Umuriro" folder in "Wumuriro Watch App" target */ = {
			isa = PBXFileSystemSynchronizedBuildFileExceptionSet;
			membershipExceptions = (
				Assets.xcassets,
				CalculatorView.swift,
			);
			target = CB6F098E2D7DEBD400485F51 /* Wumuriro Watch App */;
		};
/* End PBXFileSystemSynchronizedBuildFileExceptionSet section */

/* Begin PBXFileSystemSynchronizedRootGroup section */
		CB5FB7972D7D15140056333F /* Umuriro */ = {
			isa = PBXFileSystemSynchronizedRootGroup;
			exceptions = (
				CB6F09BE2D7E314E00485F51 /* Exceptions for "Umuriro" folder in "Wumuriro Watch App" target */,
			);
			path = Umuriro;
			sourceTree = "<group>";
		};
		CB5FB7AA2D7D15150056333F /* UmuriroTests */ = {
			isa = PBXFileSystemSynchronizedRootGroup;
			path = UmuriroTests;
			sourceTree = "<group>";
		};
		CB5FB7B42D7D15150056333F /* UmuriroUITests */ = {
			isa = PBXFileSystemSynchronizedRootGroup;
			path = UmuriroUITests;
			sourceTree = "<group>";
		};
		CB6F09902D7DEBD400485F51 /* Wumuriro Watch App */ = {
			isa = PBXFileSystemSynchronizedRootGroup;
			path = "Wumuriro Watch App";
			sourceTree = "<group>";
		};
		CB6F09A12D7DEBD500485F51 /* Wumuriro Watch AppTests */ = {
			isa = PBXFileSystemSynchronizedRootGroup;
			path = "Wumuriro Watch AppTests";
			sourceTree = "<group>";
		};
		CB6F09AB2D7DEBD500485F51 /* Wumuriro Watch AppUITests */ = {
			isa = PBXFileSystemSynchronizedRootGroup;
			path = "Wumuriro Watch AppUITests";
			sourceTree = "<group>";
		};
/* End PBXFileSystemSynchronizedRootGroup section */

/* Begin PBXFrameworksBuildPhase section */
		CB5FB7922D7D15140056333F /* Frameworks */ = {
			isa = PBXFrameworksBuildPhase;
			buildActionMask = 2147483647;
			files = (
			);
			runOnlyForDeploymentPostprocessing = 0;
		};
		CB5FB7A42D7D15150056333F /* Frameworks */ = {
			isa = PBXFrameworksBuildPhase;
			buildActionMask = 2147483647;
			files = (
			);
			runOnlyForDeploymentPostprocessing = 0;
		};
		CB5FB7AE2D7D15150056333F /* Frameworks */ = {
			isa = PBXFrameworksBuildPhase;
			buildActionMask = 2147483647;
			files = (
			);
			runOnlyForDeploymentPostprocessing = 0;
		};
		CB6F098C2D7DEBD400485F51 /* Frameworks */ = {
			isa = PBXFrameworksBuildPhase;
			buildActionMask = 2147483647;
			files = (
			);
			runOnlyForDeploymentPostprocessing = 0;
		};
		CB6F099B2D7DEBD500485F51 /* Frameworks */ = {
			isa = PBXFrameworksBuildPhase;
			buildActionMask = 2147483647;
			files = (
			);
			runOnlyForDeploymentPostprocessing = 0;
		};
		CB6F09A52D7DEBD500485F51 /* Frameworks */ = {
			isa = PBXFrameworksBuildPhase;
			buildActionMask = 2147483647;
			files = (
			);
			runOnlyForDeploymentPostprocessing = 0;
		};
/* End PBXFrameworksBuildPhase section */

/* Begin PBXGroup section */
		CB5FB78C2D7D15140056333F = {
			isa = PBXGroup;
			children = (
				CB5FB7972D7D15140056333F /* Umuriro */,
				CB5FB7AA2D7D15150056333F /* UmuriroTests */,
				CB5FB7B42D7D15150056333F /* UmuriroUITests */,
				CB6F09902D7DEBD400485F51 /* Wumuriro Watch App */,
				CB6F09A12D7DEBD500485F51 /* Wumuriro Watch AppTests */,
				CB6F09AB2D7DEBD500485F51 /* Wumuriro Watch AppUITests */,
				CB5FB7962D7D15140056333F /* Products */,
			);
			sourceTree = "<group>";
		};
		CB5FB7962D7D15140056333F /* Products */ = {
			isa = PBXGroup;
			children = (
				CB5FB7952D7D15140056333F /* Umuriro.app */,
				CB5FB7A72D7D15150056333F /* UmuriroTests.xctest */,
				CB5FB7B12D7D15150056333F /* UmuriroUITests.xctest */,
				CB6F098F2D7DEBD400485F51 /* Wumuriro Watch App.app */,
				CB6F099E2D7DEBD500485F51 /* Wumuriro Watch AppTests.xctest */,
				CB6F09A82D7DEBD500485F51 /* Wumuriro Watch AppUITests.xctest */,
			);
			name = Products;
			sourceTree = "<group>";
		};
/* End PBXGroup section */

/* Begin PBXNativeTarget section */
		CB5FB7942D7D15140056333F /* Umuriro */ = {
			isa = PBXNativeTarget;
			buildConfigurationList = CB5FB7BB2D7D15150056333F /* Build configuration list for PBXNativeTarget "Umuriro" */;
			buildPhases = (
				CB5FB7912D7D15140056333F /* Sources */,
				CB5FB7922D7D15140056333F /* Frameworks */,
				CB5FB7932D7D15140056333F /* Resources */,
				CB6F09B32D7DEBD500485F51 /* Embed Watch Content */,
			);
			buildRules = (
			);
			dependencies = (
				CB6F09B12D7DEBD500485F51 /* PBXTargetDependency */,
			);
			fileSystemSynchronizedGroups = (
				CB5FB7972D7D15140056333F /* Umuriro */,
			);
			name = Umuriro;
			packageProductDependencies = (
			);
			productName = Umuriro;
			productReference = CB5FB7952D7D15140056333F /* Umuriro.app */;
			productType = "com.apple.product-type.application";
		};
		CB5FB7A62D7D15150056333F /* UmuriroTests */ = {
			isa = PBXNativeTarget;
			buildConfigurationList = CB5FB7BE2D7D15150056333F /* Build configuration list for PBXNativeTarget "UmuriroTests" */;
			buildPhases = (
				CB5FB7A32D7D15150056333F /* Sources */,
				CB5FB7A42D7D15150056333F /* Frameworks */,
				CB5FB7A52D7D15150056333F /* Resources */,
			);
			buildRules = (
			);
			dependencies = (
				CB5FB7A92D7D15150056333F /* PBXTargetDependency */,
			);
			fileSystemSynchronizedGroups = (
				CB5FB7AA2D7D15150056333F /* UmuriroTests */,
			);
			name = UmuriroTests;
			packageProductDependencies = (
			);
			productName = UmuriroTests;
			productReference = CB5FB7A72D7D15150056333F /* UmuriroTests.xctest */;
			productType = "com.apple.product-type.bundle.unit-test";
		};
		CB5FB7B02D7D15150056333F /* UmuriroUITests */ = {
			isa = PBXNativeTarget;
			buildConfigurationList = CB5FB7C12D7D15150056333F /* Build configuration list for PBXNativeTarget "UmuriroUITests" */;
			buildPhases = (
				CB5FB7AD2D7D15150056333F /* Sources */,
				CB5FB7AE2D7D15150056333F /* Frameworks */,
				CB5FB7AF2D7D15150056333F /* Resources */,
			);
			buildRules = (
			);
			dependencies = (
				CB5FB7B32D7D15150056333F /* PBXTargetDependency */,
			);
			fileSystemSynchronizedGroups = (
				CB5FB7B42D7D15150056333F /* UmuriroUITests */,
			);
			name = UmuriroUITests;
			packageProductDependencies = (
			);
			productName = UmuriroUITests;
			productReference = CB5FB7B12D7D15150056333F /* UmuriroUITests.xctest */;
			productType = "com.apple.product-type.bundle.ui-testing";
		};
		CB6F098E2D7DEBD400485F51 /* Wumuriro Watch App */ = {
			isa = PBXNativeTarget;
			buildConfigurationList = CB6F09BA2D7DEBD500485F51 /* Build configuration list for PBXNativeTarget "Wumuriro Watch App" */;
			buildPhases = (
				CB6F098B2D7DEBD400485F51 /* Sources */,
				CB6F098C2D7DEBD400485F51 /* Frameworks */,
				CB6F098D2D7DEBD400485F51 /* Resources */,
			);
			buildRules = (
			);
			dependencies = (
			);
			fileSystemSynchronizedGroups = (
				CB6F09902D7DEBD400485F51 /* Wumuriro Watch App */,
			);
			name = "Wumuriro Watch App";
			packageProductDependencies = (
			);
			productName = "Wumuriro Watch App";
			productReference = CB6F098F2D7DEBD400485F51 /* Wumuriro Watch App.app */;
			productType = "com.apple.product-type.application";
		};
		CB6F099D2D7DEBD500485F51 /* Wumuriro Watch AppTests */ = {
			isa = PBXNativeTarget;
			buildConfigurationList = CB6F09BB2D7DEBD500485F51 /* Build configuration list for PBXNativeTarget "Wumuriro Watch AppTests" */;
			buildPhases = (
				CB6F099A2D7DEBD500485F51 /* Sources */,
				CB6F099B2D7DEBD500485F51 /* Frameworks */,
				CB6F099C2D7DEBD500485F51 /* Resources */,
			);
			buildRules = (
			);
			dependencies = (
				CB6F09A02D7DEBD500485F51 /* PBXTargetDependency */,
			);
			fileSystemSynchronizedGroups = (
				CB6F09A12D7DEBD500485F51 /* Wumuriro Watch AppTests */,
			);
			name = "Wumuriro Watch AppTests";
			packageProductDependencies = (
			);
			productName = "Wumuriro Watch AppTests";
			productReference = CB6F099E2D7DEBD500485F51 /* Wumuriro Watch AppTests.xctest */;
			productType = "com.apple.product-type.bundle.unit-test";
		};
		CB6F09A72D7DEBD500485F51 /* Wumuriro Watch AppUITests */ = {
			isa = PBXNativeTarget;
			buildConfigurationList = CB6F09BC2D7DEBD500485F51 /* Build configuration list for PBXNativeTarget "Wumuriro Watch AppUITests" */;
			buildPhases = (
				CB6F09A42D7DEBD500485F51 /* Sources */,
				CB6F09A52D7DEBD500485F51 /* Frameworks */,
				CB6F09A62D7DEBD500485F51 /* Resources */,
			);
			buildRules = (
			);
			dependencies = (
				CB6F09AA2D7DEBD500485F51 /* PBXTargetDependency */,
			);
			fileSystemSynchronizedGroups = (
				CB6F09AB2D7DEBD500485F51 /* Wumuriro Watch AppUITests */,
			);
			name = "Wumuriro Watch AppUITests";
			packageProductDependencies = (
			);
			productName = "Wumuriro Watch AppUITests";
			productReference = CB6F09A82D7DEBD500485F51 /* Wumuriro Watch AppUITests.xctest */;
			productType = "com.apple.product-type.bundle.ui-testing";
		};
/* End PBXNativeTarget section */

/* Begin PBXProject section */
		CB5FB78D2D7D15140056333F /* Project object */ = {
			isa = PBXProject;
			attributes = {
				BuildIndependentTargetsInParallel = 1;
				LastSwiftUpdateCheck = 1600;
				LastUpgradeCheck = 1600;
				TargetAttributes = {
					CB5FB7942D7D15140056333F = {
						CreatedOnToolsVersion = 16.0;
					};
					CB5FB7A62D7D15150056333F = {
						CreatedOnToolsVersion = 16.0;
						TestTargetID = CB5FB7942D7D15140056333F;
					};
					CB5FB7B02D7D15150056333F = {
						CreatedOnToolsVersion = 16.0;
						TestTargetID = CB5FB7942D7D15140056333F;
					};
					CB6F098E2D7DEBD400485F51 = {
						CreatedOnToolsVersion = 16.0;
					};
					CB6F099D2D7DEBD500485F51 = {
						CreatedOnToolsVersion = 16.0;
						TestTargetID = CB6F098E2D7DEBD400485F51;
					};
					CB6F09A72D7DEBD500485F51 = {
						CreatedOnToolsVersion = 16.0;
						TestTargetID = CB6F098E2D7DEBD400485F51;
					};
				};
			};
			buildConfigurationList = CB5FB7902D7D15140056333F /* Build configuration list for PBXProject "Umuriro" */;
			developmentRegion = en;
			hasScannedForEncodings = 0;
			knownRegions = (
				en,
				Base,
			);
			mainGroup = CB5FB78C2D7D15140056333F;
			minimizedProjectReferenceProxies = 1;
			preferredProjectObjectVersion = 77;
			productRefGroup = CB5FB7962D7D15140056333F /* Products */;
			projectDirPath = "";
			projectRoot = "";
			targets = (
				CB5FB7942D7D15140056333F /* Umuriro */,
				CB5FB7A62D7D15150056333F /* UmuriroTests */,
				CB5FB7B02D7D15150056333F /* UmuriroUITests */,
				CB6F098E2D7DEBD400485F51 /* Wumuriro Watch App */,
				CB6F099D2D7DEBD500485F51 /* Wumuriro Watch AppTests */,
				CB6F09A72D7DEBD500485F51 /* Wumuriro Watch AppUITests */,
			);
		};
/* End PBXProject section */

/* Begin PBXResourcesBuildPhase section */
		CB5FB7932D7D15140056333F /* Resources */ = {
			isa = PBXResourcesBuildPhase;
			buildActionMask = 2147483647;
			files = (
			);
			runOnlyForDeploymentPostprocessing = 0;
		};
		CB5FB7A52D7D15150056333F /* Resources */ = {
			isa = PBXResourcesBuildPhase;
			buildActionMask = 2147483647;
			files = (
			);
			runOnlyForDeploymentPostprocessing = 0;
		};
		CB5FB7AF2D7D15150056333F /* Resources */ = {
			isa = PBXResourcesBuildPhase;
			buildActionMask = 2147483647;
			files = (
			);
			runOnlyForDeploymentPostprocessing = 0;
		};
		CB6F098D2D7DEBD400485F51 /* Resources */ = {
			isa = PBXResourcesBuildPhase;
			buildActionMask = 2147483647;
			files = (
			);
			runOnlyForDeploymentPostprocessing = 0;
		};
		CB6F099C2D7DEBD500485F51 /* Resources */ = {
			isa = PBXResourcesBuildPhase;
			buildActionMask = 2147483647;
			files = (
			);
			runOnlyForDeploymentPostprocessing = 0;
		};
		CB6F09A62D7DEBD500485F51 /* Resources */ = {
			isa = PBXResourcesBuildPhase;
			buildActionMask = 2147483647;
			files = (
			);
			runOnlyForDeploymentPostprocessing = 0;
		};
/* End PBXResourcesBuildPhase section */

/* Begin PBXSourcesBuildPhase section */
		CB5FB7912D7D15140056333F /* Sources */ = {
			isa = PBXSourcesBuildPhase;
			buildActionMask = 2147483647;
			files = (
			);
			runOnlyForDeploymentPostprocessing = 0;
		};
		CB5FB7A32D7D15150056333F /* Sources */ = {
			isa = PBXSourcesBuildPhase;
			buildActionMask = 2147483647;
			files = (
			);
			runOnlyForDeploymentPostprocessing = 0;
		};
		CB5FB7AD2D7D15150056333F /* Sources */ = {
			isa = PBXSourcesBuildPhase;
			buildActionMask = 2147483647;
			files = (
			);
			runOnlyForDeploymentPostprocessing = 0;
		};
		CB6F098B2D7DEBD400485F51 /* Sources */ = {
			isa = PBXSourcesBuildPhase;
			buildActionMask = 2147483647;
			files = (
			);
			runOnlyForDeploymentPostprocessing = 0;
		};
		CB6F099A2D7DEBD500485F51 /* Sources */ = {
			isa = PBXSourcesBuildPhase;
			buildActionMask = 2147483647;
			files = (
			);
			runOnlyForDeploymentPostprocessing = 0;
		};
		CB6F09A42D7DEBD500485F51 /* Sources */ = {
			isa = PBXSourcesBuildPhase;
			buildActionMask = 2147483647;
			files = (
			);
			runOnlyForDeploymentPostprocessing = 0;
		};
/* End PBXSourcesBuildPhase section */

/* Begin PBXTargetDependency section */
		CB5FB7A92D7D15150056333F /* PBXTargetDependency */ = {
			isa = PBXTargetDependency;
			target = CB5FB7942D7D15140056333F /* Umuriro */;
			targetProxy = CB5FB7A82D7D15150056333F /* PBXContainerItemProxy */;
		};
		CB5FB7B32D7D15150056333F /* PBXTargetDependency */ = {
			isa = PBXTargetDependency;
			target = CB5FB7942D7D15140056333F /* Umuriro */;
			targetProxy = CB5FB7B22D7D15150056333F /* PBXContainerItemProxy */;
		};
		CB6F09A02D7DEBD500485F51 /* PBXTargetDependency */ = {
			isa = PBXTargetDependency;
			target = CB6F098E2D7DEBD400485F51 /* Wumuriro Watch App */;
			targetProxy = CB6F099F2D7DEBD500485F51 /* PBXContainerItemProxy */;
		};
		CB6F09AA2D7DEBD500485F51 /* PBXTargetDependency */ = {
			isa = PBXTargetDependency;
			target = CB6F098E2D7DEBD400485F51 /* Wumuriro Watch App */;
			targetProxy = CB6F09A92D7DEBD500485F51 /* PBXContainerItemProxy */;
		};
		CB6F09B12D7DEBD500485F51 /* PBXTargetDependency */ = {
			isa = PBXTargetDependency;
			target = CB6F098E2D7DEBD400485F51 /* Wumuriro Watch App */;
			targetProxy = CB6F09B02D7DEBD500485F51 /* PBXContainerItemProxy */;
		};
/* End PBXTargetDependency section */

/* Begin XCBuildConfiguration section */
		CB5FB7B92D7D15150056333F /* Debug */ = {
			isa = XCBuildConfiguration;
			buildSettings = {
				ALWAYS_SEARCH_USER_PATHS = NO;
				ASSETCATALOG_COMPILER_GENERATE_SWIFT_ASSET_SYMBOL_EXTENSIONS = YES;
				CLANG_ANALYZER_NONNULL = YES;
				CLANG_ANALYZER_NUMBER_OBJECT_CONVERSION = YES_AGGRESSIVE;
				CLANG_CXX_LANGUAGE_STANDARD = "gnu++20";
				CLANG_ENABLE_MODULES = YES;
				CLANG_ENABLE_OBJC_ARC = YES;
				CLANG_ENABLE_OBJC_WEAK = YES;
				CLANG_WARN_BLOCK_CAPTURE_AUTORELEASING = YES;
				CLANG_WARN_BOOL_CONVERSION = YES;
				CLANG_WARN_COMMA = YES;
				CLANG_WARN_CONSTANT_CONVERSION = YES;
				CLANG_WARN_DEPRECATED_OBJC_IMPLEMENTATIONS = YES;
				CLANG_WARN_DIRECT_OBJC_ISA_USAGE = YES_ERROR;
				CLANG_WARN_DOCUMENTATION_COMMENTS = YES;
				CLANG_WARN_EMPTY_BODY = YES;
				CLANG_WARN_ENUM_CONVERSION = YES;
				CLANG_WARN_INFINITE_RECURSION = YES;
				CLANG_WARN_INT_CONVERSION = YES;
				CLANG_WARN_NON_LITERAL_NULL_CONVERSION = YES;
				CLANG_WARN_OBJC_IMPLICIT_RETAIN_SELF = YES;
				CLANG_WARN_OBJC_LITERAL_CONVERSION = YES;
				CLANG_WARN_OBJC_ROOT_CLASS = YES_ERROR;
				CLANG_WARN_QUOTED_INCLUDE_IN_FRAMEWORK_HEADER = YES;
				CLANG_WARN_RANGE_LOOP_ANALYSIS = YES;
				CLANG_WARN_STRICT_PROTOTYPES = YES;
				CLANG_WARN_SUSPICIOUS_MOVE = YES;
				CLANG_WARN_UNGUARDED_AVAILABILITY = YES_AGGRESSIVE;
				CLANG_WARN_UNREACHABLE_CODE = YES;
				CLANG_WARN__DUPLICATE_METHOD_MATCH = YES;
				COPY_PHASE_STRIP = NO;
				DEBUG_INFORMATION_FORMAT = dwarf;
				ENABLE_STRICT_OBJC_MSGSEND = YES;
				ENABLE_TESTABILITY = YES;
				ENABLE_USER_SCRIPT_SANDBOXING = YES;
				GCC_C_LANGUAGE_STANDARD = gnu17;
				GCC_DYNAMIC_NO_PIC = NO;
				GCC_NO_COMMON_BLOCKS = YES;
				GCC_OPTIMIZATION_LEVEL = 0;
				GCC_PREPROCESSOR_DEFINITIONS = (
					"DEBUG=1",
					"$(inherited)",
				);
				GCC_WARN_64_TO_32_BIT_CONVERSION = YES;
				GCC_WARN_ABOUT_RETURN_TYPE = YES_ERROR;
				GCC_WARN_UNDECLARED_SELECTOR = YES;
				GCC_WARN_UNINITIALIZED_AUTOS = YES_AGGRESSIVE;
				GCC_WARN_UNUSED_FUNCTION = YES;
				GCC_WARN_UNUSED_VARIABLE = YES;
				IPHONEOS_DEPLOYMENT_TARGET = 18.0;
				LOCALIZATION_PREFERS_STRING_CATALOGS = YES;
				MTL_ENABLE_DEBUG_INFO = INCLUDE_SOURCE;
				MTL_FAST_MATH = YES;
				ONLY_ACTIVE_ARCH = YES;
				SDKROOT = iphoneos;
				SWIFT_ACTIVE_COMPILATION_CONDITIONS = "DEBUG $(inherited)";
				SWIFT_OPTIMIZATION_LEVEL = "-Onone";
			};
			name = Debug;
		};
		CB5FB7BA2D7D15150056333F /* Release */ = {
			isa = XCBuildConfiguration;
			buildSettings = {
				ALWAYS_SEARCH_USER_PATHS = NO;
				ASSETCATALOG_COMPILER_GENERATE_SWIFT_ASSET_SYMBOL_EXTENSIONS = YES;
				CLANG_ANALYZER_NONNULL = YES;
				CLANG_ANALYZER_NUMBER_OBJECT_CONVERSION = YES_AGGRESSIVE;
				CLANG_CXX_LANGUAGE_STANDARD = "gnu++20";
				CLANG_ENABLE_MODULES = YES;
				CLANG_ENABLE_OBJC_ARC = YES;
				CLANG_ENABLE_OBJC_WEAK = YES;
				CLANG_WARN_BLOCK_CAPTURE_AUTORELEASING = YES;
				CLANG_WARN_BOOL_CONVERSION = YES;
				CLANG_WARN_COMMA = YES;
				CLANG_WARN_CONSTANT_CONVERSION = YES;
				CLANG_WARN_DEPRECATED_OBJC_IMPLEMENTATIONS = YES;
				CLANG_WARN_DIRECT_OBJC_ISA_USAGE = YES_ERROR;
				CLANG_WARN_DOCUMENTATION_COMMENTS = YES;
				CLANG_WARN_EMPTY_BODY = YES;
				CLANG_WARN_ENUM_CONVERSION = YES;
				CLANG_WARN_INFINITE_RECURSION = YES;
				CLANG_WARN_INT_CONVERSION = YES;
				CLANG_WARN_NON_LITERAL_NULL_CONVERSION = YES;
				CLANG_WARN_OBJC_IMPLICIT_RETAIN_SELF = YES;
				CLANG_WARN_OBJC_LITERAL_CONVERSION = YES;
				CLANG_WARN_OBJC_ROOT_CLASS = YES_ERROR;
				CLANG_WARN_QUOTED_INCLUDE_IN_FRAMEWORK_HEADER = YES;
				CLANG_WARN_RANGE_LOOP_ANALYSIS = YES;
				CLANG_WARN_STRICT_PROTOTYPES = YES;
				CLANG_WARN_SUSPICIOUS_MOVE = YES;
				CLANG_WARN_UNGUARDED_AVAILABILITY = YES_AGGRESSIVE;
				CLANG_WARN_UNREACHABLE_CODE = YES;
				CLANG_WARN__DUPLICATE_METHOD_MATCH = YES;
				COPY_PHASE_STRIP = NO;
				DEBUG_INFORMATION_FORMAT = "dwarf-with-dsym";
				ENABLE_NS_ASSERTIONS = NO;
				ENABLE_STRICT_OBJC_MSGSEND = YES;
				ENABLE_USER_SCRIPT_SANDBOXING = YES;
				GCC_C_LANGUAGE_STANDARD = gnu17;
				GCC_NO_COMMON_BLOCKS = YES;
				GCC_WARN_64_TO_32_BIT_CONVERSION = YES;
				GCC_WARN_ABOUT_RETURN_TYPE = YES_ERROR;
				GCC_WARN_UNDECLARED_SELECTOR = YES;
				GCC_WARN_UNINITIALIZED_AUTOS = YES_AGGRESSIVE;
				GCC_WARN_UNUSED_FUNCTION = YES;
				GCC_WARN_UNUSED_VARIABLE = YES;
				IPHONEOS_DEPLOYMENT_TARGET = 18.0;
				LOCALIZATION_PREFERS_STRING_CATALOGS = YES;
				MTL_ENABLE_DEBUG_INFO = NO;
				MTL_FAST_MATH = YES;
				SDKROOT = iphoneos;
				SWIFT_COMPILATION_MODE = wholemodule;
				VALIDATE_PRODUCT = YES;
			};
			name = Release;
		};
		CB5FB7BC2D7D15150056333F /* Debug */ = {
			isa = XCBuildConfiguration;
			buildSettings = {
				ASSETCATALOG_COMPILER_APPICON_NAME = AppIcon;
				ASSETCATALOG_COMPILER_GLOBAL_ACCENT_COLOR_NAME = AccentColor;
				CODE_SIGN_STYLE = Automatic;
				CURRENT_PROJECT_VERSION = 1;
				DEVELOPMENT_ASSET_PATHS = "\"Umuriro/Preview Content\"";
				DEVELOPMENT_TEAM = 6V9B6LUW22;
				ENABLE_PREVIEWS = YES;
				GENERATE_INFOPLIST_FILE = YES;
				INFOPLIST_KEY_CFBundleDisplayName = Umuriro;
				INFOPLIST_KEY_LSApplicationCategoryType = "public.app-category.utilities";
				INFOPLIST_KEY_UIApplicationSceneManifest_Generation = YES;
				INFOPLIST_KEY_UIApplicationSupportsIndirectInputEvents = YES;
				INFOPLIST_KEY_UILaunchScreen_Generation = YES;
				INFOPLIST_KEY_UISupportedInterfaceOrientations = "UIInterfaceOrientationPortrait UIInterfaceOrientationPortraitUpsideDown";
				INFOPLIST_KEY_UISupportedInterfaceOrientations_iPad = "UIInterfaceOrientationLandscapeLeft UIInterfaceOrientationLandscapeRight UIInterfaceOrientationPortrait UIInterfaceOrientationPortraitUpsideDown";
				IPHONEOS_DEPLOYMENT_TARGET = 15.0;
				LD_RUNPATH_SEARCH_PATHS = (
					"$(inherited)",
					"@executable_path/Frameworks",
				);
				MARKETING_VERSION = 1.0;
				PRODUCT_BUNDLE_IDENTIFIER = com.cedricbahirwe.Umuriro;
				PRODUCT_NAME = "$(TARGET_NAME)";
				SUPPORTED_PLATFORMS = "iphoneos iphonesimulator";
				SUPPORTS_MACCATALYST = NO;
				SUPPORTS_MAC_DESIGNED_FOR_IPHONE_IPAD = NO;
				SUPPORTS_XR_DESIGNED_FOR_IPHONE_IPAD = NO;
				SWIFT_EMIT_LOC_STRINGS = YES;
				SWIFT_VERSION = 5.0;
				TARGETED_DEVICE_FAMILY = "1,2";
			};
			name = Debug;
		};
		CB5FB7BD2D7D15150056333F /* Release */ = {
			isa = XCBuildConfiguration;
			buildSettings = {
				ASSETCATALOG_COMPILER_APPICON_NAME = AppIcon;
				ASSETCATALOG_COMPILER_GLOBAL_ACCENT_COLOR_NAME = AccentColor;
				CODE_SIGN_STYLE = Automatic;
				CURRENT_PROJECT_VERSION = 1;
				DEVELOPMENT_ASSET_PATHS = "\"Umuriro/Preview Content\"";
				DEVELOPMENT_TEAM = 6V9B6LUW22;
				ENABLE_PREVIEWS = YES;
				GENERATE_INFOPLIST_FILE = YES;
				INFOPLIST_KEY_CFBundleDisplayName = Umuriro;
				INFOPLIST_KEY_LSApplicationCategoryType = "public.app-category.utilities";
				INFOPLIST_KEY_UIApplicationSceneManifest_Generation = YES;
				INFOPLIST_KEY_UIApplicationSupportsIndirectInputEvents = YES;
				INFOPLIST_KEY_UILaunchScreen_Generation = YES;
				INFOPLIST_KEY_UISupportedInterfaceOrientations = "UIInterfaceOrientationPortrait UIInterfaceOrientationPortraitUpsideDown";
				INFOPLIST_KEY_UISupportedInterfaceOrientations_iPad = "UIInterfaceOrientationLandscapeLeft UIInterfaceOrientationLandscapeRight UIInterfaceOrientationPortrait UIInterfaceOrientationPortraitUpsideDown";
				IPHONEOS_DEPLOYMENT_TARGET = 15.0;
				LD_RUNPATH_SEARCH_PATHS = (
					"$(inherited)",
					"@executable_path/Frameworks",
				);
				MARKETING_VERSION = 1.0;
				PRODUCT_BUNDLE_IDENTIFIER = com.cedricbahirwe.Umuriro;
				PRODUCT_NAME = "$(TARGET_NAME)";
				SUPPORTED_PLATFORMS = "iphoneos iphonesimulator";
				SUPPORTS_MACCATALYST = NO;
				SUPPORTS_MAC_DESIGNED_FOR_IPHONE_IPAD = NO;
				SUPPORTS_XR_DESIGNED_FOR_IPHONE_IPAD = NO;
				SWIFT_EMIT_LOC_STRINGS = YES;
				SWIFT_VERSION = 5.0;
				TARGETED_DEVICE_FAMILY = "1,2";
			};
			name = Release;
		};
		CB5FB7BF2D7D15150056333F /* Debug */ = {
			isa = XCBuildConfiguration;
			buildSettings = {
				BUNDLE_LOADER = "$(TEST_HOST)";
				CODE_SIGN_STYLE = Automatic;
				CURRENT_PROJECT_VERSION = 1;
				DEVELOPMENT_TEAM = 6V9B6LUW22;
				GENERATE_INFOPLIST_FILE = YES;
				IPHONEOS_DEPLOYMENT_TARGET = 18.0;
				MARKETING_VERSION = 1.0;
				PRODUCT_BUNDLE_IDENTIFIER = com.cedricbahirwe.UmuriroTests;
				PRODUCT_NAME = "$(TARGET_NAME)";
				SWIFT_EMIT_LOC_STRINGS = NO;
				SWIFT_VERSION = 5.0;
				TARGETED_DEVICE_FAMILY = "1,2";
				TEST_HOST = "$(BUILT_PRODUCTS_DIR)/Umuriro.app/$(BUNDLE_EXECUTABLE_FOLDER_PATH)/Umuriro";
			};
			name = Debug;
		};
		CB5FB7C02D7D15150056333F /* Release */ = {
			isa = XCBuildConfiguration;
			buildSettings = {
				BUNDLE_LOADER = "$(TEST_HOST)";
				CODE_SIGN_STYLE = Automatic;
				CURRENT_PROJECT_VERSION = 1;
				DEVELOPMENT_TEAM = 6V9B6LUW22;
				GENERATE_INFOPLIST_FILE = YES;
				IPHONEOS_DEPLOYMENT_TARGET = 18.0;
				MARKETING_VERSION = 1.0;
				PRODUCT_BUNDLE_IDENTIFIER = com.cedricbahirwe.UmuriroTests;
				PRODUCT_NAME = "$(TARGET_NAME)";
				SWIFT_EMIT_LOC_STRINGS = NO;
				SWIFT_VERSION = 5.0;
				TARGETED_DEVICE_FAMILY = "1,2";
				TEST_HOST = "$(BUILT_PRODUCTS_DIR)/Umuriro.app/$(BUNDLE_EXECUTABLE_FOLDER_PATH)/Umuriro";
			};
			name = Release;
		};
		CB5FB7C22D7D15150056333F /* Debug */ = {
			isa = XCBuildConfiguration;
			buildSettings = {
				CODE_SIGN_STYLE = Automatic;
				CURRENT_PROJECT_VERSION = 1;
				DEVELOPMENT_TEAM = 6V9B6LUW22;
				GENERATE_INFOPLIST_FILE = YES;
				MARKETING_VERSION = 1.0;
				PRODUCT_BUNDLE_IDENTIFIER = com.cedricbahirwe.UmuriroUITests;
				PRODUCT_NAME = "$(TARGET_NAME)";
				SWIFT_EMIT_LOC_STRINGS = NO;
				SWIFT_VERSION = 5.0;
				TARGETED_DEVICE_FAMILY = "1,2";
				TEST_TARGET_NAME = Umuriro;
			};
			name = Debug;
		};
		CB5FB7C32D7D15150056333F /* Release */ = {
			isa = XCBuildConfiguration;
			buildSettings = {
				CODE_SIGN_STYLE = Automatic;
				CURRENT_PROJECT_VERSION = 1;
				DEVELOPMENT_TEAM = 6V9B6LUW22;
				GENERATE_INFOPLIST_FILE = YES;
				MARKETING_VERSION = 1.0;
				PRODUCT_BUNDLE_IDENTIFIER = com.cedricbahirwe.UmuriroUITests;
				PRODUCT_NAME = "$(TARGET_NAME)";
				SWIFT_EMIT_LOC_STRINGS = NO;
				SWIFT_VERSION = 5.0;
				TARGETED_DEVICE_FAMILY = "1,2";
				TEST_TARGET_NAME = Umuriro;
			};
			name = Release;
		};
		CB6F09B42D7DEBD500485F51 /* Debug */ = {
			isa = XCBuildConfiguration;
			buildSettings = {
				ASSETCATALOG_COMPILER_APPICON_NAME = AppIcon;
				ASSETCATALOG_COMPILER_GLOBAL_ACCENT_COLOR_NAME = AccentColor;
				CODE_SIGN_STYLE = Automatic;
				CURRENT_PROJECT_VERSION = 1;
				DEVELOPMENT_ASSET_PATHS = "\"Wumuriro Watch App/Preview Content\"";
				DEVELOPMENT_TEAM = 6V9B6LUW22;
				ENABLE_PREVIEWS = YES;
				GENERATE_INFOPLIST_FILE = YES;
				INFOPLIST_KEY_CFBundleDisplayName = Wumuriro;
				INFOPLIST_KEY_UISupportedInterfaceOrientations = "UIInterfaceOrientationPortrait UIInterfaceOrientationPortraitUpsideDown";
				INFOPLIST_KEY_WKCompanionAppBundleIdentifier = com.cedricbahirwe.Umuriro;
				LD_RUNPATH_SEARCH_PATHS = (
					"$(inherited)",
					"@executable_path/Frameworks",
				);
				MARKETING_VERSION = 1.0;
				PRODUCT_BUNDLE_IDENTIFIER = com.cedricbahirwe.Umuriro.watchkitapp;
				PRODUCT_NAME = "$(TARGET_NAME)";
				SDKROOT = watchos;
				SKIP_INSTALL = YES;
				SWIFT_EMIT_LOC_STRINGS = YES;
				SWIFT_VERSION = 5.0;
				TARGETED_DEVICE_FAMILY = 4;
				WATCHOS_DEPLOYMENT_TARGET = 11.0;
			};
			name = Debug;
		};
		CB6F09B52D7DEBD500485F51 /* Release */ = {
			isa = XCBuildConfiguration;
			buildSettings = {
				ASSETCATALOG_COMPILER_APPICON_NAME = AppIcon;
				ASSETCATALOG_COMPILER_GLOBAL_ACCENT_COLOR_NAME = AccentColor;
				CODE_SIGN_STYLE = Automatic;
				CURRENT_PROJECT_VERSION = 1;
				DEVELOPMENT_ASSET_PATHS = "\"Wumuriro Watch App/Preview Content\"";
				DEVELOPMENT_TEAM = 6V9B6LUW22;
				ENABLE_PREVIEWS = YES;
				GENERATE_INFOPLIST_FILE = YES;
				INFOPLIST_KEY_CFBundleDisplayName = Wumuriro;
				INFOPLIST_KEY_UISupportedInterfaceOrientations = "UIInterfaceOrientationPortrait UIInterfaceOrientationPortraitUpsideDown";
				INFOPLIST_KEY_WKCompanionAppBundleIdentifier = com.cedricbahirwe.Umuriro;
				LD_RUNPATH_SEARCH_PATHS = (
					"$(inherited)",
					"@executable_path/Frameworks",
				);
				MARKETING_VERSION = 1.0;
				PRODUCT_BUNDLE_IDENTIFIER = com.cedricbahirwe.Umuriro.watchkitapp;
				PRODUCT_NAME = "$(TARGET_NAME)";
				SDKROOT = watchos;
				SKIP_INSTALL = YES;
				SWIFT_EMIT_LOC_STRINGS = YES;
				SWIFT_VERSION = 5.0;
				TARGETED_DEVICE_FAMILY = 4;
				WATCHOS_DEPLOYMENT_TARGET = 11.0;
			};
			name = Release;
		};
		CB6F09B62D7DEBD500485F51 /* Debug */ = {
			isa = XCBuildConfiguration;
			buildSettings = {
				BUNDLE_LOADER = "$(TEST_HOST)";
				CODE_SIGN_STYLE = Automatic;
				CURRENT_PROJECT_VERSION = 1;
				DEVELOPMENT_TEAM = 6V9B6LUW22;
				GENERATE_INFOPLIST_FILE = YES;
				MARKETING_VERSION = 1.0;
				PRODUCT_BUNDLE_IDENTIFIER = "com.cedricbahirwe.Wumuriro-Watch-AppTests";
				PRODUCT_NAME = "$(TARGET_NAME)";
				SDKROOT = watchos;
				SWIFT_EMIT_LOC_STRINGS = NO;
				SWIFT_VERSION = 5.0;
				TARGETED_DEVICE_FAMILY = 4;
				TEST_HOST = "$(BUILT_PRODUCTS_DIR)/Wumuriro Watch App.app/$(BUNDLE_EXECUTABLE_FOLDER_PATH)/Wumuriro Watch App";
				WATCHOS_DEPLOYMENT_TARGET = 11.0;
			};
			name = Debug;
		};
		CB6F09B72D7DEBD500485F51 /* Release */ = {
			isa = XCBuildConfiguration;
			buildSettings = {
				BUNDLE_LOADER = "$(TEST_HOST)";
				CODE_SIGN_STYLE = Automatic;
				CURRENT_PROJECT_VERSION = 1;
				DEVELOPMENT_TEAM = 6V9B6LUW22;
				GENERATE_INFOPLIST_FILE = YES;
				MARKETING_VERSION = 1.0;
				PRODUCT_BUNDLE_IDENTIFIER = "com.cedricbahirwe.Wumuriro-Watch-AppTests";
				PRODUCT_NAME = "$(TARGET_NAME)";
				SDKROOT = watchos;
				SWIFT_EMIT_LOC_STRINGS = NO;
				SWIFT_VERSION = 5.0;
				TARGETED_DEVICE_FAMILY = 4;
				TEST_HOST = "$(BUILT_PRODUCTS_DIR)/Wumuriro Watch App.app/$(BUNDLE_EXECUTABLE_FOLDER_PATH)/Wumuriro Watch App";
				WATCHOS_DEPLOYMENT_TARGET = 11.0;
			};
			name = Release;
		};
		CB6F09B82D7DEBD500485F51 /* Debug */ = {
			isa = XCBuildConfiguration;
			buildSettings = {
				CODE_SIGN_STYLE = Automatic;
				CURRENT_PROJECT_VERSION = 1;
				DEVELOPMENT_TEAM = 6V9B6LUW22;
				GENERATE_INFOPLIST_FILE = YES;
				MARKETING_VERSION = 1.0;
				PRODUCT_BUNDLE_IDENTIFIER = "com.cedricbahirwe.Wumuriro-Watch-AppUITests";
				PRODUCT_NAME = "$(TARGET_NAME)";
				SDKROOT = watchos;
				SWIFT_EMIT_LOC_STRINGS = NO;
				SWIFT_VERSION = 5.0;
				TARGETED_DEVICE_FAMILY = 4;
				TEST_TARGET_NAME = "Wumuriro Watch App";
				WATCHOS_DEPLOYMENT_TARGET = 11.0;
			};
			name = Debug;
		};
		CB6F09B92D7DEBD500485F51 /* Release */ = {
			isa = XCBuildConfiguration;
			buildSettings = {
				CODE_SIGN_STYLE = Automatic;
				CURRENT_PROJECT_VERSION = 1;
				DEVELOPMENT_TEAM = 6V9B6LUW22;
				GENERATE_INFOPLIST_FILE = YES;
				MARKETING_VERSION = 1.0;
				PRODUCT_BUNDLE_IDENTIFIER = "com.cedricbahirwe.Wumuriro-Watch-AppUITests";
				PRODUCT_NAME = "$(TARGET_NAME)";
				SDKROOT = watchos;
				SWIFT_EMIT_LOC_STRINGS = NO;
				SWIFT_VERSION = 5.0;
				TARGETED_DEVICE_FAMILY = 4;
				TEST_TARGET_NAME = "Wumuriro Watch App";
				WATCHOS_DEPLOYMENT_TARGET = 11.0;
			};
			name = Release;
		};
/* End XCBuildConfiguration section */

/* Begin XCConfigurationList section */
		CB5FB7902D7D15140056333F /* Build configuration list for PBXProject "Umuriro" */ = {
			isa = XCConfigurationList;
			buildConfigurations = (
				CB5FB7B92D7D15150056333F /* Debug */,
				CB5FB7BA2D7D15150056333F /* Release */,
			);
			defaultConfigurationIsVisible = 0;
			defaultConfigurationName = Release;
		};
		CB5FB7BB2D7D15150056333F /* Build configuration list for PBXNativeTarget "Umuriro" */ = {
			isa = XCConfigurationList;
			buildConfigurations = (
				CB5FB7BC2D7D15150056333F /* Debug */,
				CB5FB7BD2D7D15150056333F /* Release */,
			);
			defaultConfigurationIsVisible = 0;
			defaultConfigurationName = Release;
		};
		CB5FB7BE2D7D15150056333F /* Build configuration list for PBXNativeTarget "UmuriroTests" */ = {
			isa = XCConfigurationList;
			buildConfigurations = (
				CB5FB7BF2D7D15150056333F /* Debug */,
				CB5FB7C02D7D15150056333F /* Release */,
			);
			defaultConfigurationIsVisible = 0;
			defaultConfigurationName = Release;
		};
		CB5FB7C12D7D15150056333F /* Build configuration list for PBXNativeTarget "UmuriroUITests" */ = {
			isa = XCConfigurationList;
			buildConfigurations = (
				CB5FB7C22D7D15150056333F /* Debug */,
				CB5FB7C32D7D15150056333F /* Release */,
			);
			defaultConfigurationIsVisible = 0;
			defaultConfigurationName = Release;
		};
		CB6F09BA2D7DEBD500485F51 /* Build configuration list for PBXNativeTarget "Wumuriro Watch App" */ = {
			isa = XCConfigurationList;
			buildConfigurations = (
				CB6F09B42D7DEBD500485F51 /* Debug */,
				CB6F09B52D7DEBD500485F51 /* Release */,
			);
			defaultConfigurationIsVisible = 0;
			defaultConfigurationName = Release;
		};
		CB6F09BB2D7DEBD500485F51 /* Build configuration list for PBXNativeTarget "Wumuriro Watch AppTests" */ = {
			isa = XCConfigurationList;
			buildConfigurations = (
				CB6F09B62D7DEBD500485F51 /* Debug */,
				CB6F09B72D7DEBD500485F51 /* Release */,
			);
			defaultConfigurationIsVisible = 0;
			defaultConfigurationName = Release;
		};
		CB6F09BC2D7DEBD500485F51 /* Build configuration list for PBXNativeTarget "Wumuriro Watch AppUITests" */ = {
			isa = XCConfigurationList;
			buildConfigurations = (
				CB6F09B82D7DEBD500485F51 /* Debug */,
				CB6F09B92D7DEBD500485F51 /* Release */,
			);
			defaultConfigurationIsVisible = 0;
			defaultConfigurationName = Release;
		};
/* End XCConfigurationList section */
	};
	rootObject = CB5FB78D2D7D15140056333F /* Project object */;
}
